
Microsoft Visual Studio Solution File, Format Version 12.00
# Visual Studio Version 16
VisualStudioVersion = 16.0.29230.47
MinimumVisualStudioVersion = 10.0.40219.1
Project("{FAE04EC0-301F-11D3-BF4B-00C04F79EFBC}") = "anWPF", "anWPF\anWPF.csproj", "{7FED24FE-DBC8-4292-BA4E-8C5A4242825A}"
EndProject
Global
	GlobalSection(SolutionConfigurationPlatforms) = preSolution
		Debug|Any CPU = Debug|Any CPU
		Release|Any CPU = Release|Any CPU
	EndGlobalSection
	GlobalSection(ProjectConfigurationPlatforms) = postSolution
		{7FED24FE-DBC8-4292-BA4E-8C5A4242825A}.Debug|Any CPU.ActiveCfg = Debug|Any CPU
		{7FED24FE-DBC8-4292-BA4E-8C5A4242825A}.Debug|Any CPU.Build.0 = Debug|Any CPU
		{7FED24FE-DBC8-4292-BA4E-8C5A4242825A}.Release|Any CPU.ActiveCfg = Release|Any CPU
		{7FED24FE-DBC8-4292-BA4E-8C5A4242825A}.Release|Any CPU.Build.0 = Release|Any CPU
	EndGlobalSection
	GlobalSection(SolutionProperties) = preSolution
		HideSolutionNode = FALSE
	EndGlobalSection
	GlobalSection(ExtensibilityGlobals) = postSolution
		SolutionGuid = {C0DFBE17-C2EA-48C3-9CE9-6B9C1C8EF73A}
	EndGlobalSection
EndGlobal
